
Microsoft Visual Studio Solution File, Format Version 12.00
# Visual Studio Version 17
VisualStudioVersion = 17.11.35327.3
MinimumVisualStudioVersion = 10.0.40219.1
Project("{9A19103F-16F7-4668-BE54-9A1E7A4F7556}") = "Module8.Files.Task6.Exercise1.ConsolePresenter", "Module8.Files.Task6.Exercise1.ConsolePresenter\Module8.Files.Task6.Exercise1.ConsolePresenter.csproj", "{F549CA0E-16D1-472F-8DEE-6A3469A64311}"
EndProject
Project("{9A19103F-16F7-4668-BE54-9A1E7A4F7556}") = "Module8.Files.Task6.Exercise1.Data", "Module8.Files.Task6.Exercise1.Data\Module8.Files.Task6.Exercise1.Data.csproj", "{3532AB0C-A77B-4D2E-BEA0-0121F8E80488}"
EndProject
Global
	GlobalSection(SolutionConfigurationPlatforms) = preSolution
		Debug|Any CPU = Debug|Any CPU
		Release|Any CPU = Release|Any CPU
	EndGlobalSection
	GlobalSection(ProjectConfigurationPlatforms) = postSolution
		{F549CA0E-16D1-472F-8DEE-6A3469A64311}.Debug|Any CPU.ActiveCfg = Debug|Any CPU
		{F549CA0E-16D1-472F-8DEE-6A3469A64311}.Debug|Any CPU.Build.0 = Debug|Any CPU
		{F549CA0E-16D1-472F-8DEE-6A3469A64311}.Release|Any CPU.ActiveCfg = Release|Any CPU
		{F549CA0E-16D1-472F-8DEE-6A3469A64311}.Release|Any CPU.Build.0 = Release|Any CPU
		{3532AB0C-A77B-4D2E-BEA0-0121F8E80488}.Debug|Any CPU.ActiveCfg = Debug|Any CPU
		{3532AB0C-A77B-4D2E-BEA0-0121F8E80488}.Debug|Any CPU.Build.0 = Debug|Any CPU
		{3532AB0C-A77B-4D2E-BEA0-0121F8E80488}.Release|Any CPU.ActiveCfg = Release|Any CPU
		{3532AB0C-A77B-4D2E-BEA0-0121F8E80488}.Release|Any CPU.Build.0 = Release|Any CPU
	EndGlobalSection
	GlobalSection(SolutionProperties) = preSolution
		HideSolutionNode = FALSE
	EndGlobalSection
	GlobalSection(ExtensibilityGlobals) = postSolution
		SolutionGuid = {DDC5732E-788A-49BA-A37F-7BE1130458B5}
	EndGlobalSection
EndGlobal
